
Microsoft Visual Studio Solution File, Format Version 12.00
# Visual Studio Version 16
VisualStudioVersion = 16.0.30128.74
MinimumVisualStudioVersion = 10.0.40219.1
Project("{FAE04EC0-301F-11D3-BF4B-00C04F79EFBC}") = "ESundqvist_WebPage.Server", "ESundqvist_WebPage\Server\ESundqvist_WebPage.Server.csproj", "{5FECB09B-9B18-4CAD-9C89-D8CEC409BB7E}"
EndProject
Project("{FAE04EC0-301F-11D3-BF4B-00C04F79EFBC}") = "ESundqvist_WebPage.Client", "ESundqvist_WebPage\Client\ESundqvist_WebPage.Client.csproj", "{DD1F5CBF-9131-4701-B84F-12B5A9D13B26}"
EndProject
Project("{FAE04EC0-301F-11D3-BF4B-00C04F79EFBC}") = "ESundqvist_WebPage.Shared", "ESundqvist_WebPage\Shared\ESundqvist_WebPage.Shared.csproj", "{E3A13216-E547-4420-9017-9A43D232C93B}"
EndProject
Global
	GlobalSection(SolutionConfigurationPlatforms) = preSolution
		Debug|Any CPU = Debug|Any CPU
		Release|Any CPU = Release|Any CPU
	EndGlobalSection
	GlobalSection(ProjectConfigurationPlatforms) = postSolution
		{5FECB09B-9B18-4CAD-9C89-D8CEC409BB7E}.Debug|Any CPU.ActiveCfg = Debug|Any CPU
		{5FECB09B-9B18-4CAD-9C89-D8CEC409BB7E}.Debug|Any CPU.Build.0 = Debug|Any CPU
		{5FECB09B-9B18-4CAD-9C89-D8CEC409BB7E}.Release|Any CPU.ActiveCfg = Release|Any CPU
		{5FECB09B-9B18-4CAD-9C89-D8CEC409BB7E}.Release|Any CPU.Build.0 = Release|Any CPU
		{DD1F5CBF-9131-4701-B84F-12B5A9D13B26}.Debug|Any CPU.ActiveCfg = Debug|Any CPU
		{DD1F5CBF-9131-4701-B84F-12B5A9D13B26}.Debug|Any CPU.Build.0 = Debug|Any CPU
		{DD1F5CBF-9131-4701-B84F-12B5A9D13B26}.Release|Any CPU.ActiveCfg = Release|Any CPU
		{DD1F5CBF-9131-4701-B84F-12B5A9D13B26}.Release|Any CPU.Build.0 = Release|Any CPU
		{E3A13216-E547-4420-9017-9A43D232C93B}.Debug|Any CPU.ActiveCfg = Debug|Any CPU
		{E3A13216-E547-4420-9017-9A43D232C93B}.Debug|Any CPU.Build.0 = Debug|Any CPU
		{E3A13216-E547-4420-9017-9A43D232C93B}.Release|Any CPU.ActiveCfg = Release|Any CPU
		{E3A13216-E547-4420-9017-9A43D232C93B}.Release|Any CPU.Build.0 = Release|Any CPU
	EndGlobalSection
	GlobalSection(SolutionProperties) = preSolution
		HideSolutionNode = FALSE
	EndGlobalSection
	GlobalSection(ExtensibilityGlobals) = postSolution
		SolutionGuid = {6F35D374-8DEB-4DA2-93CE-D772D6233E47}
	EndGlobalSection
EndGlobal
